
Microsoft Visual Studio Solution File, Format Version 12.00
# Visual Studio 14
VisualStudioVersion = 14.0.25123.0
MinimumVisualStudioVersion = 10.0.40219.1
Project("{FAE04EC0-301F-11D3-BF4B-00C04F79EFBC}") = "Task1 Shapes", "Task1 Shapes\Task1 Shapes.csproj", "{7F716A20-80CB-4A04-BE3B-F1829F5CCF0D}"
EndProject
Project("{FAE04EC0-301F-11D3-BF4B-00C04F79EFBC}") = "Task2 Bank Acounts", "Task2 Bank Acounts\Task2 Bank Acounts.csproj", "{0431D216-BCA9-4A5A-BB9B-124E86930661}"
EndProject
Project("{FAE04EC0-301F-11D3-BF4B-00C04F79EFBC}") = "Bank Operations", "Bank Operations\Bank Operations.csproj", "{1A238A27-D6FA-4229-9720-3179BDE5EB16}"
EndProject
Project("{2150E333-8FDC-42A3-9474-1A3956D46DE8}") = "Solution Items", "Solution Items", "{27515B0C-30F5-4E7F-836C-41F2BC9D4D22}"
	ProjectSection(SolutionItems) = preProject
		CustomRules.ruleset = CustomRules.ruleset
	EndProjectSection
EndProject
Global
	GlobalSection(SolutionConfigurationPlatforms) = preSolution
		Debug|Any CPU = Debug|Any CPU
		Release|Any CPU = Release|Any CPU
	EndGlobalSection
	GlobalSection(ProjectConfigurationPlatforms) = postSolution
		{7F716A20-80CB-4A04-BE3B-F1829F5CCF0D}.Debug|Any CPU.ActiveCfg = Debug|Any CPU
		{7F716A20-80CB-4A04-BE3B-F1829F5CCF0D}.Debug|Any CPU.Build.0 = Debug|Any CPU
		{7F716A20-80CB-4A04-BE3B-F1829F5CCF0D}.Release|Any CPU.ActiveCfg = Release|Any CPU
		{7F716A20-80CB-4A04-BE3B-F1829F5CCF0D}.Release|Any CPU.Build.0 = Release|Any CPU
		{0431D216-BCA9-4A5A-BB9B-124E86930661}.Debug|Any CPU.ActiveCfg = Debug|Any CPU
		{0431D216-BCA9-4A5A-BB9B-124E86930661}.Debug|Any CPU.Build.0 = Debug|Any CPU
		{0431D216-BCA9-4A5A-BB9B-124E86930661}.Release|Any CPU.ActiveCfg = Release|Any CPU
		{0431D216-BCA9-4A5A-BB9B-124E86930661}.Release|Any CPU.Build.0 = Release|Any CPU
		{1A238A27-D6FA-4229-9720-3179BDE5EB16}.Debug|Any CPU.ActiveCfg = Debug|Any CPU
		{1A238A27-D6FA-4229-9720-3179BDE5EB16}.Debug|Any CPU.Build.0 = Debug|Any CPU
		{1A238A27-D6FA-4229-9720-3179BDE5EB16}.Release|Any CPU.ActiveCfg = Release|Any CPU
		{1A238A27-D6FA-4229-9720-3179BDE5EB16}.Release|Any CPU.Build.0 = Release|Any CPU
	EndGlobalSection
	GlobalSection(SolutionProperties) = preSolution
		HideSolutionNode = FALSE
	EndGlobalSection
EndGlobal
